{
  "object": {
    "pins": [
      {
        "package": "TOCropViewController",
        "repositoryURL": "https://github.com/TimOliver/TOCropViewController",
        "state": {
          "branch": null,
          "revision": "dad97167bf1be16aeecd109130900995dd01c515",
          "version": "2.6.0"
        }
      }
    ]
  },
  "version": 1
}
