// !$*UTF8*$!
{
	archiveVersion = 1;
	classes = {
	};
	objectVersion = 51;
	objects = {

/* Begin PBXBuildFile section */
		79951C6A484495132566A74D /* Pods_welfare.framework in Frameworks */ = {isa = PBXBuildFile; fileRef = 83398A0C3E6FAC31E23F3278 /* Pods_welfare.framework */; };
		E3197B78257CBF680001C50F /* notifyListViewController.swift in Sources */ = {isa = PBXBuildFile; fileRef = E3197B77257CBF680001C50F /* notifyListViewController.swift */; };
		E3197B7A257CC29C0001C50F /* alramTableViewCell.swift in Sources */ = {isa = PBXBuildFile; fileRef = E3197B79257CC29C0001C50F /* alramTableViewCell.swift */; };
		E3197B7F257F9AB50001C50F /* privateViewController.swift in Sources */ = {isa = PBXBuildFile; fileRef = E3197B7E257F9AB40001C50F /* privateViewController.swift */; };
		E320D22825C0392700F9B66D /* clauseViewController.swift in Sources */ = {isa = PBXBuildFile; fileRef = E320D22725C0392700F9B66D /* clauseViewController.swift */; };
		E320D22A25C0754000F9B66D /* privacyPolicyViewController.swift in Sources */ = {isa = PBXBuildFile; fileRef = E320D22925C0753F00F9B66D /* privacyPolicyViewController.swift */; };
		E321CC6625AC1B6F00D1BAC1 /* NewReview.swift in Sources */ = {isa = PBXBuildFile; fileRef = E321CC6525AC1B6F00D1BAC1 /* NewReview.swift */; };
		E34BB8BC2590510200EDDF1B /* tagSelectViewController.swift in Sources */ = {isa = PBXBuildFile; fileRef = E34BB8BB2590510200EDDF1B /* tagSelectViewController.swift */; };
		E3586CFE25CBCF740000D817 /* KakaoOpenSDK.framework in Frameworks */ = {isa = PBXBuildFile; fileRef = E3586CFD25CBCF740000D817 /* KakaoOpenSDK.framework */; };
		E3586D0325CBD8880000D817 /* adjustedModule.swift in Sources */ = {isa = PBXBuildFile; fileRef = E3586D0225CBD8880000D817 /* adjustedModule.swift */; };
		E35B58D125AD56D50052621B /* YtbCell.swift in Sources */ = {isa = PBXBuildFile; fileRef = E35B58D025AD56D50052621B /* YtbCell.swift */; };
		E35C7332253596410022AD8E /* UserNotifications.framework in Frameworks */ = {isa = PBXBuildFile; fileRef = E35C7331253596410022AD8E /* UserNotifications.framework */; };
		E35C7334253596480022AD8E /* PushKit.framework in Frameworks */ = {isa = PBXBuildFile; fileRef = E35C7333253596480022AD8E /* PushKit.framework */; };
		E35C733E253850850022AD8E /* NanumBarunGothicBold.ttf in Resources */ = {isa = PBXBuildFile; fileRef = E35C733D253850840022AD8E /* NanumBarunGothicBold.ttf */; };
		E35C7340253853F60022AD8E /* Jalnan.ttf in Resources */ = {isa = PBXBuildFile; fileRef = E35C733F253853F60022AD8E /* Jalnan.ttf */; };
		E35C7342253855B20022AD8E /* NanumBarunGothic.ttf in Resources */ = {isa = PBXBuildFile; fileRef = E35C7341253855B10022AD8E /* NanumBarunGothic.ttf */; };
		E35C73442538583F0022AD8E /* NanumGothic.ttf in Resources */ = {isa = PBXBuildFile; fileRef = E35C73432538583E0022AD8E /* NanumGothic.ttf */; };
		E35C7346253858780022AD8E /* NanumGothicBold.ttf in Resources */ = {isa = PBXBuildFile; fileRef = E35C7345253858780022AD8E /* NanumGothicBold.ttf */; };
		E35C734825394CD00022AD8E /* OpenSans-Bold.ttf in Resources */ = {isa = PBXBuildFile; fileRef = E35C734725394CD00022AD8E /* OpenSans-Bold.ttf */; };
		E35C734A2539534F0022AD8E /* OpenSans-SemiBold.ttf in Resources */ = {isa = PBXBuildFile; fileRef = E35C73492539534F0022AD8E /* OpenSans-SemiBold.ttf */; };
		E35DB19225A1941400D19898 /* NewDetailView.swift in Sources */ = {isa = PBXBuildFile; fileRef = E35DB19125A1941400D19898 /* NewDetailView.swift */; };
		E361FB4F256E6C060008F67E /* mapTestViewController.swift in Sources */ = {isa = PBXBuildFile; fileRef = E361FB4E256E6C050008F67E /* mapTestViewController.swift */; };
		E361FB5725748E7B0008F67E /* tabBarController.swift in Sources */ = {isa = PBXBuildFile; fileRef = E361FB5625748E7A0008F67E /* tabBarController.swift */; };
		E37B2DDE25AE933F000FE96C /* NewReviewlViewController.swift in Sources */ = {isa = PBXBuildFile; fileRef = E37B2DDD25AE933F000FE96C /* NewReviewlViewController.swift */; };
		E37B2DE025B2DF51000FE96C /* NewModdableReview.swift in Sources */ = {isa = PBXBuildFile; fileRef = E37B2DDF25B2DF50000FE96C /* NewModdableReview.swift */; };
		E37F8E2525E6051000E3957C /* searchViewController.swift in Sources */ = {isa = PBXBuildFile; fileRef = E37F8E2425E6051000E3957C /* searchViewController.swift */; };
		E38DE7A9259DBB4A00A3DB62 /* NewResultCell.swift in Sources */ = {isa = PBXBuildFile; fileRef = E38DE7A8259DBB4A00A3DB62 /* NewResultCell.swift */; };
		E38DE7AB259DCF8900A3DB62 /* NewResultView.swift in Sources */ = {isa = PBXBuildFile; fileRef = E38DE7AA259DCF8900A3DB62 /* NewResultView.swift */; };
		E393147C25443AE900A77F57 /* GoogleService-Info.plist in Resources */ = {isa = PBXBuildFile; fileRef = E393147B25443AE900A77F57 /* GoogleService-Info.plist */; };
		E394BC4324D07EC000B77E48 /* AppDelegate.swift in Sources */ = {isa = PBXBuildFile; fileRef = E394BC4224D07EC000B77E48 /* AppDelegate.swift */; };
		E394BC4524D07EC000B77E48 /* SceneDelegate.swift in Sources */ = {isa = PBXBuildFile; fileRef = E394BC4424D07EC000B77E48 /* SceneDelegate.swift */; };
		E394BC4A24D07EC000B77E48 /* Main.storyboard in Resources */ = {isa = PBXBuildFile; fileRef = E394BC4824D07EC000B77E48 /* Main.storyboard */; };
		E394BC4C24D07EC300B77E48 /* Assets.xcassets in Resources */ = {isa = PBXBuildFile; fileRef = E394BC4B24D07EC300B77E48 /* Assets.xcassets */; };
		E394BC4F24D07EC300B77E48 /* LaunchScreen.storyboard in Resources */ = {isa = PBXBuildFile; fileRef = E394BC4D24D07EC300B77E48 /* LaunchScreen.storyboard */; };
		E3AE09EB2590B6F5000BA79A /* DeviceManger.swift in Sources */ = {isa = PBXBuildFile; fileRef = E3AE09EA2590B6F5000BA79A /* DeviceManger.swift */; };
		E3B08FE7259A2B5D00978FE2 /* LoginManger.swift in Sources */ = {isa = PBXBuildFile; fileRef = E3B08FE6259A2B5D00978FE2 /* LoginManger.swift */; };
		E3B08FE9259B530B00978FE2 /* newInfoViewController.swift in Sources */ = {isa = PBXBuildFile; fileRef = E3B08FE8259B530B00978FE2 /* newInfoViewController.swift */; };
		E3B2427D257600A5009FA416 /* KakaoLink.framework in Frameworks */ = {isa = PBXBuildFile; fileRef = E3B2427C257600A5009FA416 /* KakaoLink.framework */; };
		E3B2427F25760138009FA416 /* KakaoCommon.framework in Frameworks */ = {isa = PBXBuildFile; fileRef = E3B2427E25760138009FA416 /* KakaoCommon.framework */; };
		E3B2428125760142009FA416 /* KakaoMessageTemplate.framework in Frameworks */ = {isa = PBXBuildFile; fileRef = E3B2428025760142009FA416 /* KakaoMessageTemplate.framework */; };
		E3B24286257640D7009FA416 /* LoginViewController.swift in Sources */ = {isa = PBXBuildFile; fileRef = E3B24285257640D7009FA416 /* LoginViewController.swift */; };
		E3CBBB08258848300039D38A /* testYoutubeViewController.swift in Sources */ = {isa = PBXBuildFile; fileRef = E3CBBB07258848300039D38A /* testYoutubeViewController.swift */; };
		E3E079E02599C01B0031F0E8 /* SplashViewController.swift in Sources */ = {isa = PBXBuildFile; fileRef = E3E079DF2599C01B0031F0E8 /* SplashViewController.swift */; };
		E3E079E52599CC120031F0E8 /* Bowhouse-Bold.otf in Resources */ = {isa = PBXBuildFile; fileRef = E3E079E12599CC0F0031F0E8 /* Bowhouse-Bold.otf */; };
		E3E079E62599CC120031F0E8 /* Bowhouse-Black.otf in Resources */ = {isa = PBXBuildFile; fileRef = E3E079E22599CC100031F0E8 /* Bowhouse-Black.otf */; };
		E3E079E72599CC120031F0E8 /* Bowhouse-Regular.otf in Resources */ = {isa = PBXBuildFile; fileRef = E3E079E32599CC110031F0E8 /* Bowhouse-Regular.otf */; };
		E3E079E82599CC120031F0E8 /* Bowhouse-Light.otf in Resources */ = {isa = PBXBuildFile; fileRef = E3E079E42599CC120031F0E8 /* Bowhouse-Light.otf */; };
		E3ED0C062591BA9D00DF17AA /* NewMainViewController.swift in Sources */ = {isa = PBXBuildFile; fileRef = E3ED0C052591BA9D00DF17AA /* NewMainViewController.swift */; };
		E3ED0C08259331F400DF17AA /* ReviewBtnImgCell.swift in Sources */ = {isa = PBXBuildFile; fileRef = E3ED0C07259331F400DF17AA /* ReviewBtnImgCell.swift */; };
		E3ED0C0A2593427D00DF17AA /* Review(nonImg&nonBtn)Cell.swift in Sources */ = {isa = PBXBuildFile; fileRef = E3ED0C092593427D00DF17AA /* Review(nonImg&nonBtn)Cell.swift */; };
		E3F40B88255A88AE00B4D4EE /* tvN Enjoystories Bold.ttf in Resources */ = {isa = PBXBuildFile; fileRef = E3F40B85255A872E00B4D4EE /* tvN Enjoystories Bold.ttf */; };
		E3F40B89255A88B000B4D4EE /* tvN Enjoystories Light.ttf in Resources */ = {isa = PBXBuildFile; fileRef = E3F40B86255A872F00B4D4EE /* tvN Enjoystories Light.ttf */; };
		E3F40B8B255A88B700B4D4EE /* Cherry.ttf in Resources */ = {isa = PBXBuildFile; fileRef = E3F40B84255A864800B4D4EE /* Cherry.ttf */; };
		E3F40B932563990000B4D4EE /* SelectTableViewCell.swift in Sources */ = {isa = PBXBuildFile; fileRef = E3F40B922563990000B4D4EE /* SelectTableViewCell.swift */; };
/* End PBXBuildFile section */

/* Begin PBXCopyFilesBuildPhase section */
		E394BC5A24D07F0400B77E48 /* Embed Frameworks */ = {
			isa = PBXCopyFilesBuildPhase;
			buildActionMask = 2147483647;
			dstPath = "";
			dstSubfolderSpec = 10;
			files = (
			);
			name = "Embed Frameworks";
			runOnlyForDeploymentPostprocessing = 0;
		};
/* End PBXCopyFilesBuildPhase section */

/* Begin PBXFileReference section */
		368CB33F06D1AE994E55B0F1 /* Pods-welfare.release.xcconfig */ = {isa = PBXFileReference; includeInIndex = 1; lastKnownFileType = text.xcconfig; name = "Pods-welfare.release.xcconfig"; path = "Target Support Files/Pods-welfare/Pods-welfare.release.xcconfig"; sourceTree = "<group>"; };
		452DDD10A8864FD876FC3C76 /* Pods-welfare.debug.xcconfig */ = {isa = PBXFileReference; includeInIndex = 1; lastKnownFileType = text.xcconfig; name = "Pods-welfare.debug.xcconfig"; path = "Target Support Files/Pods-welfare/Pods-welfare.debug.xcconfig"; sourceTree = "<group>"; };
		83398A0C3E6FAC31E23F3278 /* Pods_welfare.framework */ = {isa = PBXFileReference; explicitFileType = wrapper.framework; includeInIndex = 0; path = Pods_welfare.framework; sourceTree = BUILT_PRODUCTS_DIR; };
		E3197B77257CBF680001C50F /* notifyListViewController.swift */ = {isa = PBXFileReference; lastKnownFileType = sourcecode.swift; path = notifyListViewController.swift; sourceTree = "<group>"; };
		E3197B79257CC29C0001C50F /* alramTableViewCell.swift */ = {isa = PBXFileReference; lastKnownFileType = sourcecode.swift; path = alramTableViewCell.swift; sourceTree = "<group>"; };
		E3197B7E257F9AB40001C50F /* privateViewController.swift */ = {isa = PBXFileReference; lastKnownFileType = sourcecode.swift; path = privateViewController.swift; sourceTree = "<group>"; };
		E320D22725C0392700F9B66D /* clauseViewController.swift */ = {isa = PBXFileReference; lastKnownFileType = sourcecode.swift; path = clauseViewController.swift; sourceTree = "<group>"; };
		E320D22925C0753F00F9B66D /* privacyPolicyViewController.swift */ = {isa = PBXFileReference; lastKnownFileType = sourcecode.swift; path = privacyPolicyViewController.swift; sourceTree = "<group>"; };
		E321CC6525AC1B6F00D1BAC1 /* NewReview.swift */ = {isa = PBXFileReference; lastKnownFileType = sourcecode.swift; path = NewReview.swift; sourceTree = "<group>"; };
		E342A34A24D33093002BE2AB /* welfare-Bridging-Header.h */ = {isa = PBXFileReference; lastKnownFileType = sourcecode.c.h; path = "welfare-Bridging-Header.h"; sourceTree = "<group>"; };
		E34BB8BB2590510200EDDF1B /* tagSelectViewController.swift */ = {isa = PBXFileReference; lastKnownFileType = sourcecode.swift; path = tagSelectViewController.swift; sourceTree = "<group>"; };
		E3586CFD25CBCF740000D817 /* KakaoOpenSDK.framework */ = {isa = PBXFileReference; lastKnownFileType = wrapper.framework; name = KakaoOpenSDK.framework; path = "../알집해제/알집해제/KakaoOpenSDK-1.23.6/KakaoOpenSDK.framework"; sourceTree = "<group>"; };
		E3586D0225CBD8880000D817 /* adjustedModule.swift */ = {isa = PBXFileReference; lastKnownFileType = sourcecode.swift; path = adjustedModule.swift; sourceTree = "<group>"; };
		E35B58D025AD56D50052621B /* YtbCell.swift */ = {isa = PBXFileReference; lastKnownFileType = sourcecode.swift; path = YtbCell.swift; sourceTree = "<group>"; };
		E35C73302535949E0022AD8E /* welfare.entitlements */ = {isa = PBXFileReference; lastKnownFileType = text.plist.entitlements; path = welfare.entitlements; sourceTree = "<group>"; };
		E35C7331253596410022AD8E /* UserNotifications.framework */ = {isa = PBXFileReference; lastKnownFileType = wrapper.framework; name = UserNotifications.framework; path = System/Library/Frameworks/UserNotifications.framework; sourceTree = SDKROOT; };
		E35C7333253596480022AD8E /* PushKit.framework */ = {isa = PBXFileReference; lastKnownFileType = wrapper.framework; name = PushKit.framework; path = System/Library/Frameworks/PushKit.framework; sourceTree = SDKROOT; };
		E35C733D253850840022AD8E /* NanumBarunGothicBold.ttf */ = {isa = PBXFileReference; lastKnownFileType = file; path = NanumBarunGothicBold.ttf; sourceTree = "<group>"; };
		E35C733F253853F60022AD8E /* Jalnan.ttf */ = {isa = PBXFileReference; lastKnownFileType = file; path = Jalnan.ttf; sourceTree = "<group>"; };
		E35C7341253855B10022AD8E /* NanumBarunGothic.ttf */ = {isa = PBXFileReference; lastKnownFileType = file; path = NanumBarunGothic.ttf; sourceTree = "<group>"; };
		E35C73432538583E0022AD8E /* NanumGothic.ttf */ = {isa = PBXFileReference; lastKnownFileType = file; path = NanumGothic.ttf; sourceTree = "<group>"; };
		E35C7345253858780022AD8E /* NanumGothicBold.ttf */ = {isa = PBXFileReference; lastKnownFileType = file; path = NanumGothicBold.ttf; sourceTree = "<group>"; };
		E35C734725394CD00022AD8E /* OpenSans-Bold.ttf */ = {isa = PBXFileReference; lastKnownFileType = file; path = "OpenSans-Bold.ttf"; sourceTree = "<group>"; };
		E35C73492539534F0022AD8E /* OpenSans-SemiBold.ttf */ = {isa = PBXFileReference; lastKnownFileType = file; path = "OpenSans-SemiBold.ttf"; sourceTree = "<group>"; };
		E35DB19125A1941400D19898 /* NewDetailView.swift */ = {isa = PBXFileReference; lastKnownFileType = sourcecode.swift; path = NewDetailView.swift; sourceTree = "<group>"; };
		E361FB4E256E6C050008F67E /* mapTestViewController.swift */ = {isa = PBXFileReference; lastKnownFileType = sourcecode.swift; path = mapTestViewController.swift; sourceTree = "<group>"; };
		E361FB5625748E7A0008F67E /* tabBarController.swift */ = {isa = PBXFileReference; lastKnownFileType = sourcecode.swift; path = tabBarController.swift; sourceTree = "<group>"; };
		E37B2DDD25AE933F000FE96C /* NewReviewlViewController.swift */ = {isa = PBXFileReference; lastKnownFileType = sourcecode.swift; path = NewReviewlViewController.swift; sourceTree = "<group>"; };
		E37B2DDF25B2DF50000FE96C /* NewModdableReview.swift */ = {isa = PBXFileReference; lastKnownFileType = sourcecode.swift; path = NewModdableReview.swift; sourceTree = "<group>"; };
		E37F8E2425E6051000E3957C /* searchViewController.swift */ = {isa = PBXFileReference; lastKnownFileType = sourcecode.swift; path = searchViewController.swift; sourceTree = "<group>"; };
		E38DE7A8259DBB4A00A3DB62 /* NewResultCell.swift */ = {isa = PBXFileReference; lastKnownFileType = sourcecode.swift; path = NewResultCell.swift; sourceTree = "<group>"; };
		E38DE7AA259DCF8900A3DB62 /* NewResultView.swift */ = {isa = PBXFileReference; lastKnownFileType = sourcecode.swift; path = NewResultView.swift; sourceTree = "<group>"; };
		E393147B25443AE900A77F57 /* GoogleService-Info.plist */ = {isa = PBXFileReference; lastKnownFileType = text.plist.xml; name = "GoogleService-Info.plist"; path = "welfare/etc/GoogleService-Info.plist"; sourceTree = SOURCE_ROOT; };
		E394BC3F24D07EC000B77E48 /* welfare.app */ = {isa = PBXFileReference; explicitFileType = wrapper.application; includeInIndex = 0; path = welfare.app; sourceTree = BUILT_PRODUCTS_DIR; };
		E394BC4224D07EC000B77E48 /* AppDelegate.swift */ = {isa = PBXFileReference; lastKnownFileType = sourcecode.swift; path = AppDelegate.swift; sourceTree = "<group>"; };
		E394BC4424D07EC000B77E48 /* SceneDelegate.swift */ = {isa = PBXFileReference; lastKnownFileType = sourcecode.swift; path = SceneDelegate.swift; sourceTree = "<group>"; };
		E394BC4924D07EC000B77E48 /* Base */ = {isa = PBXFileReference; lastKnownFileType = file.storyboard; name = Base; path = Base.lproj/Main.storyboard; sourceTree = "<group>"; };
		E394BC4B24D07EC300B77E48 /* Assets.xcassets */ = {isa = PBXFileReference; lastKnownFileType = folder.assetcatalog; path = Assets.xcassets; sourceTree = "<group>"; };
		E394BC4E24D07EC300B77E48 /* Base */ = {isa = PBXFileReference; lastKnownFileType = file.storyboard; name = Base; path = Base.lproj/LaunchScreen.storyboard; sourceTree = "<group>"; };
		E394BC5024D07EC300B77E48 /* Info.plist */ = {isa = PBXFileReference; lastKnownFileType = text.plist.xml; path = Info.plist; sourceTree = "<group>"; };
		E3AE09EA2590B6F5000BA79A /* DeviceManger.swift */ = {isa = PBXFileReference; lastKnownFileType = sourcecode.swift; path = DeviceManger.swift; sourceTree = "<group>"; };
		E3B08FE6259A2B5D00978FE2 /* LoginManger.swift */ = {isa = PBXFileReference; lastKnownFileType = sourcecode.swift; path = LoginManger.swift; sourceTree = "<group>"; };
		E3B08FE8259B530B00978FE2 /* newInfoViewController.swift */ = {isa = PBXFileReference; lastKnownFileType = sourcecode.swift; path = newInfoViewController.swift; sourceTree = "<group>"; };
		E3B242762575F432009FA416 /* KakaoOpenSDK-Bridging-Header.h */ = {isa = PBXFileReference; fileEncoding = 4; lastKnownFileType = sourcecode.c.h; path = "KakaoOpenSDK-Bridging-Header.h"; sourceTree = "<group>"; };
		E3B2427C257600A5009FA416 /* KakaoLink.framework */ = {isa = PBXFileReference; lastKnownFileType = wrapper.framework; path = KakaoLink.framework; sourceTree = "<group>"; };
		E3B2427E25760138009FA416 /* KakaoCommon.framework */ = {isa = PBXFileReference; lastKnownFileType = wrapper.framework; path = KakaoCommon.framework; sourceTree = "<group>"; };
		E3B2428025760142009FA416 /* KakaoMessageTemplate.framework */ = {isa = PBXFileReference; lastKnownFileType = wrapper.framework; path = KakaoMessageTemplate.framework; sourceTree = "<group>"; };
		E3B24285257640D7009FA416 /* LoginViewController.swift */ = {isa = PBXFileReference; lastKnownFileType = sourcecode.swift; path = LoginViewController.swift; sourceTree = "<group>"; };
		E3CBBB07258848300039D38A /* testYoutubeViewController.swift */ = {isa = PBXFileReference; lastKnownFileType = sourcecode.swift; path = testYoutubeViewController.swift; sourceTree = "<group>"; };
		E3E079DF2599C01B0031F0E8 /* SplashViewController.swift */ = {isa = PBXFileReference; lastKnownFileType = sourcecode.swift; path = SplashViewController.swift; sourceTree = "<group>"; };
		E3E079E12599CC0F0031F0E8 /* Bowhouse-Bold.otf */ = {isa = PBXFileReference; lastKnownFileType = file; path = "Bowhouse-Bold.otf"; sourceTree = "<group>"; };
		E3E079E22599CC100031F0E8 /* Bowhouse-Black.otf */ = {isa = PBXFileReference; lastKnownFileType = file; path = "Bowhouse-Black.otf"; sourceTree = "<group>"; };
		E3E079E32599CC110031F0E8 /* Bowhouse-Regular.otf */ = {isa = PBXFileReference; lastKnownFileType = file; path = "Bowhouse-Regular.otf"; sourceTree = "<group>"; };
		E3E079E42599CC120031F0E8 /* Bowhouse-Light.otf */ = {isa = PBXFileReference; lastKnownFileType = file; path = "Bowhouse-Light.otf"; sourceTree = "<group>"; };
		E3ED0C052591BA9D00DF17AA /* NewMainViewController.swift */ = {isa = PBXFileReference; lastKnownFileType = sourcecode.swift; path = NewMainViewController.swift; sourceTree = "<group>"; };
		E3ED0C07259331F400DF17AA /* ReviewBtnImgCell.swift */ = {isa = PBXFileReference; lastKnownFileType = sourcecode.swift; path = ReviewBtnImgCell.swift; sourceTree = "<group>"; };
		E3ED0C092593427D00DF17AA /* Review(nonImg&nonBtn)Cell.swift */ = {isa = PBXFileReference; lastKnownFileType = sourcecode.swift; path = "Review(nonImg&nonBtn)Cell.swift"; sourceTree = "<group>"; };
		E3F40B84255A864800B4D4EE /* Cherry.ttf */ = {isa = PBXFileReference; lastKnownFileType = file; path = Cherry.ttf; sourceTree = "<group>"; };
		E3F40B85255A872E00B4D4EE /* tvN Enjoystories Bold.ttf */ = {isa = PBXFileReference; lastKnownFileType = file; path = "tvN Enjoystories Bold.ttf"; sourceTree = "<group>"; };
		E3F40B86255A872F00B4D4EE /* tvN Enjoystories Light.ttf */ = {isa = PBXFileReference; lastKnownFileType = file; path = "tvN Enjoystories Light.ttf"; sourceTree = "<group>"; };
		E3F40B922563990000B4D4EE /* SelectTableViewCell.swift */ = {isa = PBXFileReference; lastKnownFileType = sourcecode.swift; path = SelectTableViewCell.swift; sourceTree = "<group>"; };
/* End PBXFileReference section */

/* Begin PBXFrameworksBuildPhase section */
		E394BC3C24D07EC000B77E48 /* Frameworks */ = {
			isa = PBXFrameworksBuildPhase;
			buildActionMask = 2147483647;
			files = (
				E3586CFE25CBCF740000D817 /* KakaoOpenSDK.framework in Frameworks */,
				E3B2427F25760138009FA416 /* KakaoCommon.framework in Frameworks */,
				E3B2427D257600A5009FA416 /* KakaoLink.framework in Frameworks */,
				E35C7334253596480022AD8E /* PushKit.framework in Frameworks */,
				E35C7332253596410022AD8E /* UserNotifications.framework in Frameworks */,
				E3B2428125760142009FA416 /* KakaoMessageTemplate.framework in Frameworks */,
				79951C6A484495132566A74D /* Pods_welfare.framework in Frameworks */,
			);
			runOnlyForDeploymentPostprocessing = 0;
		};
/* End PBXFrameworksBuildPhase section */

/* Begin PBXGroup section */
		E3586C7F25CBABD70000D817 /* Manager */ = {
			isa = PBXGroup;
			children = (
				E3AE09EA2590B6F5000BA79A /* DeviceManger.swift */,
				E3B08FE6259A2B5D00978FE2 /* LoginManger.swift */,
			);
			path = Manager;
			sourceTree = "<group>";
		};
		E3586CDC25CBC69C0000D817 /* storyboard */ = {
			isa = PBXGroup;
			children = (
				E394BC4824D07EC000B77E48 /* Main.storyboard */,
				E394BC4D24D07EC300B77E48 /* LaunchScreen.storyboard */,
			);
			path = storyboard;
			sourceTree = "<group>";
		};
		E3586CDD25CBC6E10000D817 /* delegate */ = {
			isa = PBXGroup;
			children = (
				E394BC4224D07EC000B77E48 /* AppDelegate.swift */,
				E394BC4424D07EC000B77E48 /* SceneDelegate.swift */,
			);
			path = delegate;
			sourceTree = "<group>";
		};
		E3586D0125CBD84A0000D817 /* Module */ = {
			isa = PBXGroup;
			children = (
				E3586D0225CBD8880000D817 /* adjustedModule.swift */,
			);
			path = Module;
			sourceTree = "<group>";
		};
		E35C734F253EA8130022AD8E /* Font */ = {
			isa = PBXGroup;
			children = (
				E3E079E22599CC100031F0E8 /* Bowhouse-Black.otf */,
				E3E079E12599CC0F0031F0E8 /* Bowhouse-Bold.otf */,
				E3E079E42599CC120031F0E8 /* Bowhouse-Light.otf */,
				E3E079E32599CC110031F0E8 /* Bowhouse-Regular.otf */,
				E3F40B85255A872E00B4D4EE /* tvN Enjoystories Bold.ttf */,
				E3F40B86255A872F00B4D4EE /* tvN Enjoystories Light.ttf */,
				E35C733F253853F60022AD8E /* Jalnan.ttf */,
				E35C7341253855B10022AD8E /* NanumBarunGothic.ttf */,
				E35C733D253850840022AD8E /* NanumBarunGothicBold.ttf */,
				E35C73432538583E0022AD8E /* NanumGothic.ttf */,
				E35C7345253858780022AD8E /* NanumGothicBold.ttf */,
				E35C734725394CD00022AD8E /* OpenSans-Bold.ttf */,
				E35C73492539534F0022AD8E /* OpenSans-SemiBold.ttf */,
				E3F40B84255A864800B4D4EE /* Cherry.ttf */,
			);
			path = Font;
			sourceTree = "<group>";
		};
		E35C7350253EA89B0022AD8E /* Views */ = {
			isa = PBXGroup;
			children = (
				E3197B7E257F9AB40001C50F /* privateViewController.swift */,
				E37B2DDD25AE933F000FE96C /* NewReviewlViewController.swift */,
				E38DE7AA259DCF8900A3DB62 /* NewResultView.swift */,
				E361FB4E256E6C050008F67E /* mapTestViewController.swift */,
				E37F8E2425E6051000E3957C /* searchViewController.swift */,
				E3B24285257640D7009FA416 /* LoginViewController.swift */,
				E320D22725C0392700F9B66D /* clauseViewController.swift */,
				E3B08FE8259B530B00978FE2 /* newInfoViewController.swift */,
				E35DB19125A1941400D19898 /* NewDetailView.swift */,
				E34BB8BB2590510200EDDF1B /* tagSelectViewController.swift */,
				E3CBBB07258848300039D38A /* testYoutubeViewController.swift */,
				E320D22925C0753F00F9B66D /* privacyPolicyViewController.swift */,
				E3197B77257CBF680001C50F /* notifyListViewController.swift */,
				E361FB5625748E7A0008F67E /* tabBarController.swift */,
				E3E079DF2599C01B0031F0E8 /* SplashViewController.swift */,
				E3ED0C052591BA9D00DF17AA /* NewMainViewController.swift */,
			);
			path = Views;
			sourceTree = "<group>";
		};
		E35C7352253EA8E20022AD8E /* Table */ = {
			isa = PBXGroup;
			children = (
				E3F40B922563990000B4D4EE /* SelectTableViewCell.swift */,
				E3197B79257CC29C0001C50F /* alramTableViewCell.swift */,
				E3ED0C07259331F400DF17AA /* ReviewBtnImgCell.swift */,
				E3ED0C092593427D00DF17AA /* Review(nonImg&nonBtn)Cell.swift */,
				E38DE7A8259DBB4A00A3DB62 /* NewResultCell.swift */,
				E321CC6525AC1B6F00D1BAC1 /* NewReview.swift */,
				E35B58D025AD56D50052621B /* YtbCell.swift */,
				E37B2DDF25B2DF50000FE96C /* NewModdableReview.swift */,
			);
			path = Table;
			sourceTree = "<group>";
		};
		E394BC3624D07EC000B77E48 = {
			isa = PBXGroup;
			children = (
				E3B242762575F432009FA416 /* KakaoOpenSDK-Bridging-Header.h */,
				E394BC4124D07EC000B77E48 /* welfare */,
				E394BC4024D07EC000B77E48 /* Products */,
				E394BC5624D07F0400B77E48 /* Frameworks */,
				F62F24877A02F911B2A0DC0C /* Pods */,
			);
			sourceTree = "<group>";
		};
		E394BC4024D07EC000B77E48 /* Products */ = {
			isa = PBXGroup;
			children = (
				E394BC3F24D07EC000B77E48 /* welfare.app */,
			);
			name = Products;
			sourceTree = "<group>";
		};
		E394BC4124D07EC000B77E48 /* welfare */ = {
			isa = PBXGroup;
			children = (
				E3586D0125CBD84A0000D817 /* Module */,
				E394BC5024D07EC300B77E48 /* Info.plist */,
				E3586CDD25CBC6E10000D817 /* delegate */,
				E3586CDC25CBC69C0000D817 /* storyboard */,
				E3586C7F25CBABD70000D817 /* Manager */,
				E35C7352253EA8E20022AD8E /* Table */,
				E35C7350253EA89B0022AD8E /* Views */,
				E35C734F253EA8130022AD8E /* Font */,
				E3B242772575F4BB009FA416 /* etc */,
				E35C73302535949E0022AD8E /* welfare.entitlements */,
			);
			path = welfare;
			sourceTree = "<group>";
		};
		E394BC5624D07F0400B77E48 /* Frameworks */ = {
			isa = PBXGroup;
			children = (
				E3B2428025760142009FA416 /* KakaoMessageTemplate.framework */,
				E3B2427E25760138009FA416 /* KakaoCommon.framework */,
				E3B2427C257600A5009FA416 /* KakaoLink.framework */,
				E3586CFD25CBCF740000D817 /* KakaoOpenSDK.framework */,
				E35C7333253596480022AD8E /* PushKit.framework */,
				E35C7331253596410022AD8E /* UserNotifications.framework */,
				83398A0C3E6FAC31E23F3278 /* Pods_welfare.framework */,
			);
			name = Frameworks;
			sourceTree = "<group>";
		};
		E3B242772575F4BB009FA416 /* etc */ = {
			isa = PBXGroup;
			children = (
				E393147B25443AE900A77F57 /* GoogleService-Info.plist */,
				E394BC4B24D07EC300B77E48 /* Assets.xcassets */,
				E342A34A24D33093002BE2AB /* welfare-Bridging-Header.h */,
			);
			path = etc;
			sourceTree = "<group>";
		};
		F62F24877A02F911B2A0DC0C /* Pods */ = {
			isa = PBXGroup;
			children = (
				452DDD10A8864FD876FC3C76 /* Pods-welfare.debug.xcconfig */,
				368CB33F06D1AE994E55B0F1 /* Pods-welfare.release.xcconfig */,
			);
			path = Pods;
			sourceTree = "<group>";
		};
/* End PBXGroup section */

/* Begin PBXNativeTarget section */
		E394BC3E24D07EC000B77E48 /* welfare */ = {
			isa = PBXNativeTarget;
			buildConfigurationList = E394BC5324D07EC300B77E48 /* Build configuration list for PBXNativeTarget "welfare" */;
			buildPhases = (
				7B1B416F7142202C158E4B5D /* [CP] Check Pods Manifest.lock */,
				E394BC3B24D07EC000B77E48 /* Sources */,
				E394BC3C24D07EC000B77E48 /* Frameworks */,
				E394BC3D24D07EC000B77E48 /* Resources */,
				E394BC5A24D07F0400B77E48 /* Embed Frameworks */,
				D7E5D44D14AD29E89435C283 /* [CP] Embed Pods Frameworks */,
				7E0284CCA75A4C5EA4752314 /* [CP] Copy Pods Resources */,
			);
			buildRules = (
			);
			dependencies = (
			);
			name = welfare;
			productName = welfare;
			productReference = E394BC3F24D07EC000B77E48 /* welfare.app */;
			productType = "com.apple.product-type.application";
		};
/* End PBXNativeTarget section */

/* Begin PBXProject section */
		E394BC3724D07EC000B77E48 /* Project object */ = {
			isa = PBXProject;
			attributes = {
				LastSwiftUpdateCheck = 1160;
				LastUpgradeCheck = 1160;
				ORGANIZATIONNAME = com;
				TargetAttributes = {
					E394BC3E24D07EC000B77E48 = {
						CreatedOnToolsVersion = 11.6;
						LastSwiftMigration = 1160;
					};
				};
			};
			buildConfigurationList = E394BC3A24D07EC000B77E48 /* Build configuration list for PBXProject "welfare" */;
			compatibilityVersion = "Xcode 9.3";
			developmentRegion = en;
			hasScannedForEncodings = 0;
			knownRegions = (
				en,
				Base,
			);
			mainGroup = E394BC3624D07EC000B77E48;
			productRefGroup = E394BC4024D07EC000B77E48 /* Products */;
			projectDirPath = "";
			projectRoot = "";
			targets = (
				E394BC3E24D07EC000B77E48 /* welfare */,
			);
		};
/* End PBXProject section */

/* Begin PBXResourcesBuildPhase section */
		E394BC3D24D07EC000B77E48 /* Resources */ = {
			isa = PBXResourcesBuildPhase;
			buildActionMask = 2147483647;
			files = (
				E3E079E82599CC120031F0E8 /* Bowhouse-Light.otf in Resources */,
				E35C73442538583F0022AD8E /* NanumGothic.ttf in Resources */,
				E3F40B8B255A88B700B4D4EE /* Cherry.ttf in Resources */,
				E35C7346253858780022AD8E /* NanumGothicBold.ttf in Resources */,
				E393147C25443AE900A77F57 /* GoogleService-Info.plist in Resources */,
				E35C7340253853F60022AD8E /* Jalnan.ttf in Resources */,
				E394BC4F24D07EC300B77E48 /* LaunchScreen.storyboard in Resources */,
				E35C7342253855B20022AD8E /* NanumBarunGothic.ttf in Resources */,
				E35C734A2539534F0022AD8E /* OpenSans-SemiBold.ttf in Resources */,
				E35C733E253850850022AD8E /* NanumBarunGothicBold.ttf in Resources */,
				E35C734825394CD00022AD8E /* OpenSans-Bold.ttf in Resources */,
				E3F40B89255A88B000B4D4EE /* tvN Enjoystories Light.ttf in Resources */,
				E394BC4C24D07EC300B77E48 /* Assets.xcassets in Resources */,
				E3E079E52599CC120031F0E8 /* Bowhouse-Bold.otf in Resources */,
				E3F40B88255A88AE00B4D4EE /* tvN Enjoystories Bold.ttf in Resources */,
				E3E079E72599CC120031F0E8 /* Bowhouse-Regular.otf in Resources */,
				E394BC4A24D07EC000B77E48 /* Main.storyboard in Resources */,
				E3E079E62599CC120031F0E8 /* Bowhouse-Black.otf in Resources */,
			);
			runOnlyForDeploymentPostprocessing = 0;
		};
/* End PBXResourcesBuildPhase section */

/* Begin PBXShellScriptBuildPhase section */
		7B1B416F7142202C158E4B5D /* [CP] Check Pods Manifest.lock */ = {
			isa = PBXShellScriptBuildPhase;
			buildActionMask = 2147483647;
			files = (
			);
			inputFileListPaths = (
			);
			inputPaths = (
				"${PODS_PODFILE_DIR_PATH}/Podfile.lock",
				"${PODS_ROOT}/Manifest.lock",
			);
			name = "[CP] Check Pods Manifest.lock";
			outputFileListPaths = (
			);
			outputPaths = (
				"$(DERIVED_FILE_DIR)/Pods-welfare-checkManifestLockResult.txt",
			);
			runOnlyForDeploymentPostprocessing = 0;
			shellPath = /bin/sh;
			shellScript = "diff \"${PODS_PODFILE_DIR_PATH}/Podfile.lock\" \"${PODS_ROOT}/Manifest.lock\" > /dev/null\nif [ $? != 0 ] ; then\n    # print error to STDERR\n    echo \"error: The sandbox is not in sync with the Podfile.lock. Run 'pod install' or update your CocoaPods installation.\" >&2\n    exit 1\nfi\n# This output is used by Xcode 'outputs' to avoid re-running this script phase.\necho \"SUCCESS\" > \"${SCRIPT_OUTPUT_FILE_0}\"\n";
			showEnvVarsInLog = 0;
		};
		7E0284CCA75A4C5EA4752314 /* [CP] Copy Pods Resources */ = {
			isa = PBXShellScriptBuildPhase;
			buildActionMask = 2147483647;
			files = (
			);
			inputFileListPaths = (
				"${PODS_ROOT}/Target Support Files/Pods-welfare/Pods-welfare-resources-${CONFIGURATION}-input-files.xcfilelist",
			);
			name = "[CP] Copy Pods Resources";
			outputFileListPaths = (
				"${PODS_ROOT}/Target Support Files/Pods-welfare/Pods-welfare-resources-${CONFIGURATION}-output-files.xcfilelist",
			);
			runOnlyForDeploymentPostprocessing = 0;
			shellPath = /bin/sh;
			shellScript = "\"${PODS_ROOT}/Target Support Files/Pods-welfare/Pods-welfare-resources.sh\"\n";
			showEnvVarsInLog = 0;
		};
		D7E5D44D14AD29E89435C283 /* [CP] Embed Pods Frameworks */ = {
			isa = PBXShellScriptBuildPhase;
			buildActionMask = 2147483647;
			files = (
			);
			inputFileListPaths = (
				"${PODS_ROOT}/Target Support Files/Pods-welfare/Pods-welfare-frameworks-${CONFIGURATION}-input-files.xcfilelist",
			);
			name = "[CP] Embed Pods Frameworks";
			outputFileListPaths = (
				"${PODS_ROOT}/Target Support Files/Pods-welfare/Pods-welfare-frameworks-${CONFIGURATION}-output-files.xcfilelist",
			);
			runOnlyForDeploymentPostprocessing = 0;
			shellPath = /bin/sh;
			shellScript = "\"${PODS_ROOT}/Target Support Files/Pods-welfare/Pods-welfare-frameworks.sh\"\n";
			showEnvVarsInLog = 0;
		};
/* End PBXShellScriptBuildPhase section */

/* Begin PBXSourcesBuildPhase section */
		E394BC3B24D07EC000B77E48 /* Sources */ = {
			isa = PBXSourcesBuildPhase;
			buildActionMask = 2147483647;
			files = (
				E37B2DDE25AE933F000FE96C /* NewReviewlViewController.swift in Sources */,
				E3CBBB08258848300039D38A /* testYoutubeViewController.swift in Sources */,
				E3F40B932563990000B4D4EE /* SelectTableViewCell.swift in Sources */,
				E3B08FE9259B530B00978FE2 /* newInfoViewController.swift in Sources */,
				E3AE09EB2590B6F5000BA79A /* DeviceManger.swift in Sources */,
				E3197B7F257F9AB50001C50F /* privateViewController.swift in Sources */,
				E35B58D125AD56D50052621B /* YtbCell.swift in Sources */,
				E38DE7A9259DBB4A00A3DB62 /* NewResultCell.swift in Sources */,
				E3E079E02599C01B0031F0E8 /* SplashViewController.swift in Sources */,
				E320D22825C0392700F9B66D /* clauseViewController.swift in Sources */,
				E361FB5725748E7B0008F67E /* tabBarController.swift in Sources */,
				E3B24286257640D7009FA416 /* LoginViewController.swift in Sources */,
				E3197B7A257CC29C0001C50F /* alramTableViewCell.swift in Sources */,
				E3ED0C062591BA9D00DF17AA /* NewMainViewController.swift in Sources */,
				E394BC4324D07EC000B77E48 /* AppDelegate.swift in Sources */,
				E3586D0325CBD8880000D817 /* adjustedModule.swift in Sources */,
				E3ED0C0A2593427D00DF17AA /* Review(nonImg&nonBtn)Cell.swift in Sources */,
				E320D22A25C0754000F9B66D /* privacyPolicyViewController.swift in Sources */,
				E34BB8BC2590510200EDDF1B /* tagSelectViewController.swift in Sources */,
				E38DE7AB259DCF8900A3DB62 /* NewResultView.swift in Sources */,
				E321CC6625AC1B6F00D1BAC1 /* NewReview.swift in Sources */,
				E3ED0C08259331F400DF17AA /* ReviewBtnImgCell.swift in Sources */,
				E394BC4524D07EC000B77E48 /* SceneDelegate.swift in Sources */,
				E3B08FE7259A2B5D00978FE2 /* LoginManger.swift in Sources */,
				E361FB4F256E6C060008F67E /* mapTestViewController.swift in Sources */,
				E37F8E2525E6051000E3957C /* searchViewController.swift in Sources */,
				E37B2DE025B2DF51000FE96C /* NewModdableReview.swift in Sources */,
				E35DB19225A1941400D19898 /* NewDetailView.swift in Sources */,
				E3197B78257CBF680001C50F /* notifyListViewController.swift in Sources */,
			);
			runOnlyForDeploymentPostprocessing = 0;
		};
/* End PBXSourcesBuildPhase section */

/* Begin PBXVariantGroup section */
		E394BC4824D07EC000B77E48 /* Main.storyboard */ = {
			isa = PBXVariantGroup;
			children = (
				E394BC4924D07EC000B77E48 /* Base */,
			);
			name = Main.storyboard;
			sourceTree = "<group>";
		};
		E394BC4D24D07EC300B77E48 /* LaunchScreen.storyboard */ = {
			isa = PBXVariantGroup;
			children = (
				E394BC4E24D07EC300B77E48 /* Base */,
			);
			name = LaunchScreen.storyboard;
			sourceTree = "<group>";
		};
/* End PBXVariantGroup section */

/* Begin XCBuildConfiguration section */
		E394BC5124D07EC300B77E48 /* Debug */ = {
			isa = XCBuildConfiguration;
			buildSettings = {
				ALWAYS_SEARCH_USER_PATHS = NO;
				CLANG_ANALYZER_NONNULL = YES;
				CLANG_ANALYZER_NUMBER_OBJECT_CONVERSION = YES_AGGRESSIVE;
				CLANG_CXX_LANGUAGE_STANDARD = "gnu++14";
				CLANG_CXX_LIBRARY = "libc++";
				CLANG_ENABLE_MODULES = YES;
				CLANG_ENABLE_OBJC_ARC = YES;
				CLANG_ENABLE_OBJC_WEAK = YES;
				CLANG_WARN_BLOCK_CAPTURE_AUTORELEASING = YES;
				CLANG_WARN_BOOL_CONVERSION = YES;
				CLANG_WARN_COMMA = YES;
				CLANG_WARN_CONSTANT_CONVERSION = YES;
				CLANG_WARN_DEPRECATED_OBJC_IMPLEMENTATIONS = YES;
				CLANG_WARN_DIRECT_OBJC_ISA_USAGE = YES_ERROR;
				CLANG_WARN_DOCUMENTATION_COMMENTS = YES;
				CLANG_WARN_EMPTY_BODY = YES;
				CLANG_WARN_ENUM_CONVERSION = YES;
				CLANG_WARN_INFINITE_RECURSION = YES;
				CLANG_WARN_INT_CONVERSION = YES;
				CLANG_WARN_NON_LITERAL_NULL_CONVERSION = YES;
				CLANG_WARN_OBJC_IMPLICIT_RETAIN_SELF = YES;
				CLANG_WARN_OBJC_LITERAL_CONVERSION = YES;
				CLANG_WARN_OBJC_ROOT_CLASS = YES_ERROR;
				CLANG_WARN_RANGE_LOOP_ANALYSIS = YES;
				CLANG_WARN_STRICT_PROTOTYPES = YES;
				CLANG_WARN_SUSPICIOUS_MOVE = YES;
				CLANG_WARN_UNGUARDED_AVAILABILITY = YES_AGGRESSIVE;
				CLANG_WARN_UNREACHABLE_CODE = YES;
				CLANG_WARN__DUPLICATE_METHOD_MATCH = YES;
				COPY_PHASE_STRIP = NO;
				DEBUG_INFORMATION_FORMAT = dwarf;
				ENABLE_STRICT_OBJC_MSGSEND = YES;
				ENABLE_TESTABILITY = YES;
				GCC_C_LANGUAGE_STANDARD = gnu11;
				GCC_DYNAMIC_NO_PIC = NO;
				GCC_NO_COMMON_BLOCKS = YES;
				GCC_OPTIMIZATION_LEVEL = 0;
				GCC_PREPROCESSOR_DEFINITIONS = (
					"DEBUG=1",
					"$(inherited)",
				);
				GCC_WARN_64_TO_32_BIT_CONVERSION = YES;
				GCC_WARN_ABOUT_RETURN_TYPE = YES_ERROR;
				GCC_WARN_UNDECLARED_SELECTOR = YES;
				GCC_WARN_UNINITIALIZED_AUTOS = YES_AGGRESSIVE;
				GCC_WARN_UNUSED_FUNCTION = YES;
				GCC_WARN_UNUSED_VARIABLE = YES;
				IPHONEOS_DEPLOYMENT_TARGET = 13.6;
				MTL_ENABLE_DEBUG_INFO = INCLUDE_SOURCE;
				MTL_FAST_MATH = YES;
				ONLY_ACTIVE_ARCH = YES;
				SDKROOT = iphoneos;
				SWIFT_ACTIVE_COMPILATION_CONDITIONS = DEBUG;
				SWIFT_OPTIMIZATION_LEVEL = "-Onone";
			};
			name = Debug;
		};
		E394BC5224D07EC300B77E48 /* Release */ = {
			isa = XCBuildConfiguration;
			buildSettings = {
				ALWAYS_SEARCH_USER_PATHS = NO;
				CLANG_ANALYZER_NONNULL = YES;
				CLANG_ANALYZER_NUMBER_OBJECT_CONVERSION = YES_AGGRESSIVE;
				CLANG_CXX_LANGUAGE_STANDARD = "gnu++14";
				CLANG_CXX_LIBRARY = "libc++";
				CLANG_ENABLE_MODULES = YES;
				CLANG_ENABLE_OBJC_ARC = YES;
				CLANG_ENABLE_OBJC_WEAK = YES;
				CLANG_WARN_BLOCK_CAPTURE_AUTORELEASING = YES;
				CLANG_WARN_BOOL_CONVERSION = YES;
				CLANG_WARN_COMMA = YES;
				CLANG_WARN_CONSTANT_CONVERSION = YES;
				CLANG_WARN_DEPRECATED_OBJC_IMPLEMENTATIONS = YES;
				CLANG_WARN_DIRECT_OBJC_ISA_USAGE = YES_ERROR;
				CLANG_WARN_DOCUMENTATION_COMMENTS = YES;
				CLANG_WARN_EMPTY_BODY = YES;
				CLANG_WARN_ENUM_CONVERSION = YES;
				CLANG_WARN_INFINITE_RECURSION = YES;
				CLANG_WARN_INT_CONVERSION = YES;
				CLANG_WARN_NON_LITERAL_NULL_CONVERSION = YES;
				CLANG_WARN_OBJC_IMPLICIT_RETAIN_SELF = YES;
				CLANG_WARN_OBJC_LITERAL_CONVERSION = YES;
				CLANG_WARN_OBJC_ROOT_CLASS = YES_ERROR;
				CLANG_WARN_RANGE_LOOP_ANALYSIS = YES;
				CLANG_WARN_STRICT_PROTOTYPES = YES;
				CLANG_WARN_SUSPICIOUS_MOVE = YES;
				CLANG_WARN_UNGUARDED_AVAILABILITY = YES_AGGRESSIVE;
				CLANG_WARN_UNREACHABLE_CODE = YES;
				CLANG_WARN__DUPLICATE_METHOD_MATCH = YES;
				COPY_PHASE_STRIP = NO;
				DEBUG_INFORMATION_FORMAT = "dwarf-with-dsym";
				ENABLE_NS_ASSERTIONS = NO;
				ENABLE_STRICT_OBJC_MSGSEND = YES;
				GCC_C_LANGUAGE_STANDARD = gnu11;
				GCC_NO_COMMON_BLOCKS = YES;
				GCC_WARN_64_TO_32_BIT_CONVERSION = YES;
				GCC_WARN_ABOUT_RETURN_TYPE = YES_ERROR;
				GCC_WARN_UNDECLARED_SELECTOR = YES;
				GCC_WARN_UNINITIALIZED_AUTOS = YES_AGGRESSIVE;
				GCC_WARN_UNUSED_FUNCTION = YES;
				GCC_WARN_UNUSED_VARIABLE = YES;
				IPHONEOS_DEPLOYMENT_TARGET = 13.6;
				MTL_ENABLE_DEBUG_INFO = NO;
				MTL_FAST_MATH = YES;
				SDKROOT = iphoneos;
				SWIFT_COMPILATION_MODE = wholemodule;
				SWIFT_OPTIMIZATION_LEVEL = "-O";
				VALIDATE_PRODUCT = YES;
			};
			name = Release;
		};
		E394BC5424D07EC300B77E48 /* Debug */ = {
			isa = XCBuildConfiguration;
			baseConfigurationReference = 452DDD10A8864FD876FC3C76 /* Pods-welfare.debug.xcconfig */;
			buildSettings = {
				ASSETCATALOG_COMPILER_APPICON_NAME = AppIcon;
				CLANG_ENABLE_MODULES = YES;
				CODE_SIGN_ENTITLEMENTS = welfare/welfare.entitlements;
				CODE_SIGN_STYLE = Automatic;
				DEVELOPMENT_TEAM = JUH3Q3SWFH;
				FRAMEWORK_SEARCH_PATHS = (
					"$(inherited)",
					"$(PROJECT_DIR)",
				);
				INFOPLIST_FILE = welfare/Info.plist;
				LD_RUNPATH_SEARCH_PATHS = (
					"$(inherited)",
					"@executable_path/Frameworks",
				);
				MARKETING_VERSION = 1.1;
				OTHER_LDFLAGS = (
					"$(inherited)",
					"-ObjC",
					"-l\"c++\"",
					"-l\"sqlite3\"",
					"-l\"z\"",
					"-framework",
					"\"Alamofire\"",
					"-framework",
					"\"AlamofireImage\"",
					"-framework",
					"\"AppAuth\"",
					"-framework",
					"\"CFNetwork\"",
					"-framework",
					"\"CoreGraphics\"",
					"-framework",
					"\"CoreTelephony\"",
					"-framework",
					"\"CoreText\"",
					"-framework",
					"\"FBLPromises\"",
					"-framework",
					"\"FIRAnalyticsConnector\"",
					"-framework",
					"\"FirebaseAnalytics\"",
					"-framework",
					"\"FirebaseAuth\"",
					"-framework",
					"\"FirebaseCore\"",
					"-framework",
					"\"FirebaseCoreDiagnostics\"",
					"-framework",
					"\"FirebaseInstallations\"",
					"-framework",
					"\"FirebaseInstanceID\"",
					"-framework",
					"\"FirebaseMessaging\"",
					"-framework",
					"\"Foundation\"",
					"-framework",
					"\"GTMAppAuth\"",
					"-framework",
					"\"GTMSessionFetcher\"",
					"-framework",
					"\"GoogleAppMeasurement\"",
					"-framework",
					"\"GoogleDataTransport\"",
					"-framework",
					"\"GoogleSignIn\"",
					"-framework",
					"\"GoogleUtilities\"",
					"-framework",
					"\"Kingfisher\"",
					"-framework",
					"\"LocalAuthentication\"",
					"-framework",
					"\"Protobuf\"",
					"-framework",
					"\"SafariServices\"",
					"-framework",
					"\"Security\"",
					"-framework",
					"\"SnapKit\"",
					"-framework",
					"\"StoreKit\"",
					"-framework",
					"\"SwiftyGif\"",
					"-framework",
					"\"SwiftyJSON\"",
					"-framework",
					"\"SystemConfiguration\"",
					"-framework",
					"\"UIKit\"",
					"-framework",
					"\"nanopb\"",
					"-weak_framework",
					"\"AuthenticationServices\"",
					"-weak_framework",
					"\"UserNotifications\"",
					"-all_Load",
				);
				PRODUCT_BUNDLE_IDENTIFIER = com.yourBenefit;
				PRODUCT_NAME = "$(TARGET_NAME)";
				SWIFT_OBJC_BRIDGING_HEADER = "KakaoOpenSDK-Bridging-Header.h";
				SWIFT_OPTIMIZATION_LEVEL = "-Onone";
				SWIFT_VERSION = 5.0;
				TARGETED_DEVICE_FAMILY = 1;
			};
			name = Debug;
		};
		E394BC5524D07EC300B77E48 /* Release */ = {
			isa = XCBuildConfiguration;
			baseConfigurationReference = 368CB33F06D1AE994E55B0F1 /* Pods-welfare.release.xcconfig */;
			buildSettings = {
				ASSETCATALOG_COMPILER_APPICON_NAME = AppIcon;
				CLANG_ENABLE_MODULES = YES;
				CODE_SIGN_ENTITLEMENTS = welfare/welfare.entitlements;
				CODE_SIGN_STYLE = Automatic;
				DEVELOPMENT_TEAM = JUH3Q3SWFH;
				FRAMEWORK_SEARCH_PATHS = (
					"$(inherited)",
					"$(PROJECT_DIR)",
				);
				INFOPLIST_FILE = welfare/Info.plist;
				LD_RUNPATH_SEARCH_PATHS = (
					"$(inherited)",
					"@executable_path/Frameworks",
				);
				MARKETING_VERSION = 1.1;
				OTHER_LDFLAGS = (
					"$(inherited)",
					"-ObjC",
					"-l\"c++\"",
					"-l\"sqlite3\"",
					"-l\"z\"",
					"-framework",
					"\"Alamofire\"",
					"-framework",
					"\"AlamofireImage\"",
					"-framework",
					"\"AppAuth\"",
					"-framework",
					"\"CFNetwork\"",
					"-framework",
					"\"CoreGraphics\"",
					"-framework",
					"\"CoreTelephony\"",
					"-framework",
					"\"CoreText\"",
					"-framework",
					"\"FBLPromises\"",
					"-framework",
					"\"FIRAnalyticsConnector\"",
					"-framework",
					"\"FirebaseAnalytics\"",
					"-framework",
					"\"FirebaseAuth\"",
					"-framework",
					"\"FirebaseCore\"",
					"-framework",
					"\"FirebaseCoreDiagnostics\"",
					"-framework",
					"\"FirebaseInstallations\"",
					"-framework",
					"\"FirebaseInstanceID\"",
					"-framework",
					"\"FirebaseMessaging\"",
					"-framework",
					"\"Foundation\"",
					"-framework",
					"\"GTMAppAuth\"",
					"-framework",
					"\"GTMSessionFetcher\"",
					"-framework",
					"\"GoogleAppMeasurement\"",
					"-framework",
					"\"GoogleDataTransport\"",
					"-framework",
					"\"GoogleSignIn\"",
					"-framework",
					"\"GoogleUtilities\"",
					"-framework",
					"\"Kingfisher\"",
					"-framework",
					"\"LocalAuthentication\"",
					"-framework",
					"\"Protobuf\"",
					"-framework",
					"\"SafariServices\"",
					"-framework",
					"\"Security\"",
					"-framework",
					"\"SnapKit\"",
					"-framework",
					"\"StoreKit\"",
					"-framework",
					"\"SwiftyGif\"",
					"-framework",
					"\"SwiftyJSON\"",
					"-framework",
					"\"SystemConfiguration\"",
					"-framework",
					"\"UIKit\"",
					"-framework",
					"\"nanopb\"",
					"-weak_framework",
					"\"AuthenticationServices\"",
					"-weak_framework",
					"\"UserNotifications\"",
					"-all_Load",
				);
				PRODUCT_BUNDLE_IDENTIFIER = com.yourBenefit;
				PRODUCT_NAME = "$(TARGET_NAME)";
				SWIFT_OBJC_BRIDGING_HEADER = "KakaoOpenSDK-Bridging-Header.h";
				SWIFT_VERSION = 5.0;
				TARGETED_DEVICE_FAMILY = 1;
			};
			name = Release;
		};
/* End XCBuildConfiguration section */

/* Begin XCConfigurationList section */
		E394BC3A24D07EC000B77E48 /* Build configuration list for PBXProject "welfare" */ = {
			isa = XCConfigurationList;
			buildConfigurations = (
				E394BC5124D07EC300B77E48 /* Debug */,
				E394BC5224D07EC300B77E48 /* Release */,
			);
			defaultConfigurationIsVisible = 0;
			defaultConfigurationName = Release;
		};
		E394BC5324D07EC300B77E48 /* Build configuration list for PBXNativeTarget "welfare" */ = {
			isa = XCConfigurationList;
			buildConfigurations = (
				E394BC5424D07EC300B77E48 /* Debug */,
				E394BC5524D07EC300B77E48 /* Release */,
			);
			defaultConfigurationIsVisible = 0;
			defaultConfigurationName = Release;
		};
/* End XCConfigurationList section */
	};
	rootObject = E394BC3724D07EC000B77E48 /* Project object */;
}
